
Microsoft Visual Studio Solution File, Format Version 12.00
# Visual Studio Version 16
VisualStudioVersion = 16.0.30804.86
MinimumVisualStudioVersion = 10.0.40219.1
Project("{2150E333-8FDC-42A3-9474-1A3956D46DE8}") = "_Solution files", "_Solution files", "{C5A63F6B-B62D-4580-BE54-5F9497723CEA}"
EndProject
Project("{2150E333-8FDC-42A3-9474-1A3956D46DE8}") = "Plugins", "Plugins", "{03780AA6-BFE8-4B00-9A95-695A98EF7D30}"
EndProject
Project("{FAE04EC0-301F-11D3-BF4B-00C04F79EFBC}") = "SuperMemoAssistant.Plugins.MediaPlayer", "src\SuperMemoAssistant.Plugins.MediaPlayer\SuperMemoAssistant.Plugins.MediaPlayer.csproj", "{D62CFC44-37E5-4172-AC56-301B31B551F7}"
EndProject
Global
	GlobalSection(SolutionConfigurationPlatforms) = preSolution
		1. Alpha (Debug)|Any CPU = 1. Alpha (Debug)|Any CPU
		2. Beta (Release)|Any CPU = 2. Beta (Release)|Any CPU
		3. Stable (Release)|Any CPU = 3. Stable (Release)|Any CPU
		Debug|Any CPU = Debug|Any CPU
		Release|Any CPU = Release|Any CPU
	EndGlobalSection
	GlobalSection(ProjectConfigurationPlatforms) = postSolution
		{D62CFC44-37E5-4172-AC56-301B31B551F7}.1. Alpha (Debug)|Any CPU.ActiveCfg = Debug|Any CPU
		{D62CFC44-37E5-4172-AC56-301B31B551F7}.1. Alpha (Debug)|Any CPU.Build.0 = Debug|Any CPU
		{D62CFC44-37E5-4172-AC56-301B31B551F7}.2. Beta (Release)|Any CPU.ActiveCfg = Release|Any CPU
		{D62CFC44-37E5-4172-AC56-301B31B551F7}.2. Beta (Release)|Any CPU.Build.0 = Release|Any CPU
		{D62CFC44-37E5-4172-AC56-301B31B551F7}.3. Stable (Release)|Any CPU.ActiveCfg = Release|Any CPU
		{D62CFC44-37E5-4172-AC56-301B31B551F7}.3. Stable (Release)|Any CPU.Build.0 = Release|Any CPU
		{D62CFC44-37E5-4172-AC56-301B31B551F7}.Debug|Any CPU.ActiveCfg = Debug|Any CPU
		{D62CFC44-37E5-4172-AC56-301B31B551F7}.Debug|Any CPU.Build.0 = Debug|Any CPU
		{D62CFC44-37E5-4172-AC56-301B31B551F7}.Release|Any CPU.ActiveCfg = Release|Any CPU
		{D62CFC44-37E5-4172-AC56-301B31B551F7}.Release|Any CPU.Build.0 = Release|Any CPU
		{6D787FF6-54D1-4809-B2F8-17DC666EEBBB}.1. Alpha (Debug)|Any CPU.ActiveCfg = Debug|Any CPU
		{6D787FF6-54D1-4809-B2F8-17DC666EEBBB}.1. Alpha (Debug)|Any CPU.Build.0 = Debug|Any CPU
		{6D787FF6-54D1-4809-B2F8-17DC666EEBBB}.2. Beta (Release)|Any CPU.ActiveCfg = Release|Any CPU
		{6D787FF6-54D1-4809-B2F8-17DC666EEBBB}.2. Beta (Release)|Any CPU.Build.0 = Release|Any CPU
		{6D787FF6-54D1-4809-B2F8-17DC666EEBBB}.3. Stable (Release)|Any CPU.ActiveCfg = Release|Any CPU
		{6D787FF6-54D1-4809-B2F8-17DC666EEBBB}.3. Stable (Release)|Any CPU.Build.0 = Release|Any CPU
		{6D787FF6-54D1-4809-B2F8-17DC666EEBBB}.Debug|Any CPU.ActiveCfg = Debug|Any CPU
		{6D787FF6-54D1-4809-B2F8-17DC666EEBBB}.Debug|Any CPU.Build.0 = Debug|Any CPU
		{6D787FF6-54D1-4809-B2F8-17DC666EEBBB}.Release|Any CPU.ActiveCfg = Release|Any CPU
		{6D787FF6-54D1-4809-B2F8-17DC666EEBBB}.Release|Any CPU.Build.0 = Release|Any CPU
	EndGlobalSection
	GlobalSection(SolutionProperties) = preSolution
		HideSolutionNode = FALSE
	EndGlobalSection
	GlobalSection(NestedProjects) = preSolution
		{D62CFC44-37E5-4172-AC56-301B31B551F7} = {03780AA6-BFE8-4B00-9A95-695A98EF7D30}
		{6D787FF6-54D1-4809-B2F8-17DC666EEBBB} = {76B0F392-1307-46FF-ACA8-E574FBA0D3B2}
	EndGlobalSection
	GlobalSection(ExtensibilityGlobals) = postSolution
		SolutionGuid = {41FC2E6B-7B86-4D2F-950B-71140E16F3EF}
	EndGlobalSection
EndGlobal
